
Microsoft Visual Studio Solution File, Format Version 12.00
# Visual Studio 15
VisualStudioVersion = 15.0.28307.1259
MinimumVisualStudioVersion = 10.0.40219.1
Project("{FAE04EC0-301F-11D3-BF4B-00C04F79EFBC}") = "TıklaKap", "TıklaKap\TıklaKap.csproj", "{9C81EFEE-E2BF-4025-944B-6B4AC2096F3F}"
EndProject
Global
	GlobalSection(SolutionConfigurationPlatforms) = preSolution
		Debug|Any CPU = Debug|Any CPU
		Release|Any CPU = Release|Any CPU
	EndGlobalSection
	GlobalSection(ProjectConfigurationPlatforms) = postSolution
		{9C81EFEE-E2BF-4025-944B-6B4AC2096F3F}.Debug|Any CPU.ActiveCfg = Debug|Any CPU
		{9C81EFEE-E2BF-4025-944B-6B4AC2096F3F}.Debug|Any CPU.Build.0 = Debug|Any CPU
		{9C81EFEE-E2BF-4025-944B-6B4AC2096F3F}.Release|Any CPU.ActiveCfg = Release|Any CPU
		{9C81EFEE-E2BF-4025-944B-6B4AC2096F3F}.Release|Any CPU.Build.0 = Release|Any CPU
	EndGlobalSection
	GlobalSection(SolutionProperties) = preSolution
		HideSolutionNode = FALSE
	EndGlobalSection
	GlobalSection(ExtensibilityGlobals) = postSolution
		SolutionGuid = {DC9C6B35-C7BE-4D0B-94BD-E2D197CE9493}
	EndGlobalSection
EndGlobal
